github.com/fatih/structs v1.1.0 h1:Q7juDM0QtcnhCpeyLGQKyg4TOIghuNXrkL32pHAUMxo=
github.com/fatih/structs v1.1.0/go.mod h1:9NiDSp5zOcgEDl+j00MP/WkGVPOlPRLejGD8Ga6PJ7M=
github.com/google/go-querystring v1.0.0 h1:Xkwi/a1rcvNg1PPYe5vI8GbeBY/jrVuDX5ASuANWTrk=
github.com/google/go-querystring v1.0.0/go.mod h1:odCYkC5MyYFN7vkCjXpyrEuKhc/BUO6wN/zVPAxq5ck=
github.com/one-piece-official/alipay-api v0.3.1 h1:8MYLur0dUufuAkpu9A+JwkXfIDnlPpHeNFXAX091UFg=
github.com/one-piece-official/alipay-api v0.3.1/go.mod h1:M79ZFWdIn66cYYkZ7TD13UN3MgFu1KQRVA4ETDs1kw0=
